
Microsoft Visual Studio Solution File, Format Version 12.00
# Visual Studio 14
VisualStudioVersion = 14.0.25420.1
MinimumVisualStudioVersion = 10.0.40219.1
Project("{FAE04EC0-301F-11D3-BF4B-00C04F79EFBC}") = "PIM.Entities", "Entities\PIM.Entities.csproj", "{0A62D165-01D2-46DF-AE9E-1369C8B6127D}"
EndProject
Project("{FAE04EC0-301F-11D3-BF4B-00C04F79EFBC}") = "PIM.DataContext", "PIM.DataContext\PIM.DataContext.csproj", "{92B9C06F-446C-4BFB-90F5-5953114F9C6E}"
EndProject
Project("{FAE04EC0-301F-11D3-BF4B-00C04F79EFBC}") = "PIM.Web", "PIM.Web\PIM.Web.csproj", "{41EF0318-DD16-498D-A08D-ADD848017940}"
EndProject
Global
	GlobalSection(SolutionConfigurationPlatforms) = preSolution
		Debug|Any CPU = Debug|Any CPU
		Release|Any CPU = Release|Any CPU
	EndGlobalSection
	GlobalSection(ProjectConfigurationPlatforms) = postSolution
		{0A62D165-01D2-46DF-AE9E-1369C8B6127D}.Debug|Any CPU.ActiveCfg = Debug|Any CPU
		{0A62D165-01D2-46DF-AE9E-1369C8B6127D}.Debug|Any CPU.Build.0 = Debug|Any CPU
		{0A62D165-01D2-46DF-AE9E-1369C8B6127D}.Release|Any CPU.ActiveCfg = Release|Any CPU
		{0A62D165-01D2-46DF-AE9E-1369C8B6127D}.Release|Any CPU.Build.0 = Release|Any CPU
		{92B9C06F-446C-4BFB-90F5-5953114F9C6E}.Debug|Any CPU.ActiveCfg = Debug|Any CPU
		{92B9C06F-446C-4BFB-90F5-5953114F9C6E}.Debug|Any CPU.Build.0 = Debug|Any CPU
		{92B9C06F-446C-4BFB-90F5-5953114F9C6E}.Release|Any CPU.ActiveCfg = Release|Any CPU
		{92B9C06F-446C-4BFB-90F5-5953114F9C6E}.Release|Any CPU.Build.0 = Release|Any CPU
		{41EF0318-DD16-498D-A08D-ADD848017940}.Debug|Any CPU.ActiveCfg = Debug|Any CPU
		{41EF0318-DD16-498D-A08D-ADD848017940}.Debug|Any CPU.Build.0 = Debug|Any CPU
		{41EF0318-DD16-498D-A08D-ADD848017940}.Release|Any CPU.ActiveCfg = Release|Any CPU
		{41EF0318-DD16-498D-A08D-ADD848017940}.Release|Any CPU.Build.0 = Release|Any CPU
	EndGlobalSection
	GlobalSection(SolutionProperties) = preSolution
		HideSolutionNode = FALSE
	EndGlobalSection
EndGlobal
